// !$*UTF8*$!
{
	archiveVersion = 1;
	classes = {
	};
	objectVersion = 56;
	objects = {

/* Begin PBXBuildFile section */
		AFAFFA862B94A9E4006881EC /* AppDelegate.swift in Sources */ = {isa = PBXBuildFile; fileRef = AFAFFA852B94A9E4006881EC /* AppDelegate.swift */; };
		AFAFFA8F2B94A9E7006881EC /* Assets.xcassets in Resources */ = {isa = PBXBuildFile; fileRef = AFAFFA8E2B94A9E7006881EC /* Assets.xcassets */; };
		AFAFFA922B94A9E7006881EC /* LaunchScreen.storyboard in Resources */ = {isa = PBXBuildFile; fileRef = AFAFFA902B94A9E7006881EC /* LaunchScreen.storyboard */; };
		AFAFFA9D2B94A9E7006881EC /* WatchBandSelectionTests.swift in Sources */ = {isa = PBXBuildFile; fileRef = AFAFFA9C2B94A9E7006881EC /* WatchBandSelectionTests.swift */; };
		AFAFFAA72B94A9E7006881EC /* WatchBandSelectionUITests.swift in Sources */ = {isa = PBXBuildFile; fileRef = AFAFFAA62B94A9E7006881EC /* WatchBandSelectionUITests.swift */; };
		AFAFFAA92B94A9E7006881EC /* WatchBandSelectionUITestsLaunchTests.swift in Sources */ = {isa = PBXBuildFile; fileRef = AFAFFAA82B94A9E7006881EC /* WatchBandSelectionUITestsLaunchTests.swift */; };
		AFAFFAB72B94AA0E006881EC /* WatchBandSelectionVC.swift in Sources */ = {isa = PBXBuildFile; fileRef = AFAFFAB52B94AA0E006881EC /* WatchBandSelectionVC.swift */; };
		AFAFFAB82B94AA0E006881EC /* WatchBandSelectionVC.xib in Resources */ = {isa = PBXBuildFile; fileRef = AFAFFAB62B94AA0E006881EC /* WatchBandSelectionVC.xib */; };
		AFDAAA662B99EB2D00DD867B /* WatchCVC.swift in Sources */ = {isa = PBXBuildFile; fileRef = AFDAAA642B99EB2D00DD867B /* WatchCVC.swift */; };
		AFDAAA672B99EB2D00DD867B /* WatchCVC.xib in Resources */ = {isa = PBXBuildFile; fileRef = AFDAAA652B99EB2D00DD867B /* WatchCVC.xib */; };
		AFDAAA692B99EBEF00DD867B /* WatchDM.swift in Sources */ = {isa = PBXBuildFile; fileRef = AFDAAA682B99EBEF00DD867B /* WatchDM.swift */; };
		AFDAAA6B2B99F32000DD867B /* Ex+String.swift in Sources */ = {isa = PBXBuildFile; fileRef = AFDAAA6A2B99F32000DD867B /* Ex+String.swift */; };
/* End PBXBuildFile section */

/* Begin PBXContainerItemProxy section */
		AFAFFA992B94A9E7006881EC /* PBXContainerItemProxy */ = {
			isa = PBXContainerItemProxy;
			containerPortal = AFAFFA7A2B94A9E4006881EC /* Project object */;
			proxyType = 1;
			remoteGlobalIDString = AFAFFA812B94A9E4006881EC;
			remoteInfo = WatchBandSelection;
		};
		AFAFFAA32B94A9E7006881EC /* PBXContainerItemProxy */ = {
			isa = PBXContainerItemProxy;
			containerPortal = AFAFFA7A2B94A9E4006881EC /* Project object */;
			proxyType = 1;
			remoteGlobalIDString = AFAFFA812B94A9E4006881EC;
			remoteInfo = WatchBandSelection;
		};
/* End PBXContainerItemProxy section */

/* Begin PBXFileReference section */
		AFAFFA822B94A9E4006881EC /* WatchBandSelection.app */ = {isa = PBXFileReference; explicitFileType = wrapper.application; includeInIndex = 0; path = WatchBandSelection.app; sourceTree = BUILT_PRODUCTS_DIR; };
		AFAFFA852B94A9E4006881EC /* AppDelegate.swift */ = {isa = PBXFileReference; lastKnownFileType = sourcecode.swift; path = AppDelegate.swift; sourceTree = "<group>"; };
		AFAFFA8E2B94A9E7006881EC /* Assets.xcassets */ = {isa = PBXFileReference; lastKnownFileType = folder.assetcatalog; path = Assets.xcassets; sourceTree = "<group>"; };
		AFAFFA912B94A9E7006881EC /* Base */ = {isa = PBXFileReference; lastKnownFileType = file.storyboard; name = Base; path = Base.lproj/LaunchScreen.storyboard; sourceTree = "<group>"; };
		AFAFFA932B94A9E7006881EC /* Info.plist */ = {isa = PBXFileReference; lastKnownFileType = text.plist.xml; path = Info.plist; sourceTree = "<group>"; };
		AFAFFA982B94A9E7006881EC /* WatchBandSelectionTests.xctest */ = {isa = PBXFileReference; explicitFileType = wrapper.cfbundle; includeInIndex = 0; path = WatchBandSelectionTests.xctest; sourceTree = BUILT_PRODUCTS_DIR; };
		AFAFFA9C2B94A9E7006881EC /* WatchBandSelectionTests.swift */ = {isa = PBXFileReference; lastKnownFileType = sourcecode.swift; path = WatchBandSelectionTests.swift; sourceTree = "<group>"; };
		AFAFFAA22B94A9E7006881EC /* WatchBandSelectionUITests.xctest */ = {isa = PBXFileReference; explicitFileType = wrapper.cfbundle; includeInIndex = 0; path = WatchBandSelectionUITests.xctest; sourceTree = BUILT_PRODUCTS_DIR; };
		AFAFFAA62B94A9E7006881EC /* WatchBandSelectionUITests.swift */ = {isa = PBXFileReference; lastKnownFileType = sourcecode.swift; path = WatchBandSelectionUITests.swift; sourceTree = "<group>"; };
		AFAFFAA82B94A9E7006881EC /* WatchBandSelectionUITestsLaunchTests.swift */ = {isa = PBXFileReference; lastKnownFileType = sourcecode.swift; path = WatchBandSelectionUITestsLaunchTests.swift; sourceTree = "<group>"; };
		AFAFFAB52B94AA0E006881EC /* WatchBandSelectionVC.swift */ = {isa = PBXFileReference; lastKnownFileType = sourcecode.swift; path = WatchBandSelectionVC.swift; sourceTree = "<group>"; };
		AFAFFAB62B94AA0E006881EC /* WatchBandSelectionVC.xib */ = {isa = PBXFileReference; lastKnownFileType = file.xib; path = WatchBandSelectionVC.xib; sourceTree = "<group>"; };
		AFDAAA642B99EB2D00DD867B /* WatchCVC.swift */ = {isa = PBXFileReference; lastKnownFileType = sourcecode.swift; path = WatchCVC.swift; sourceTree = "<group>"; };
		AFDAAA652B99EB2D00DD867B /* WatchCVC.xib */ = {isa = PBXFileReference; lastKnownFileType = file.xib; path = WatchCVC.xib; sourceTree = "<group>"; };
		AFDAAA682B99EBEF00DD867B /* WatchDM.swift */ = {isa = PBXFileReference; lastKnownFileType = sourcecode.swift; path = WatchDM.swift; sourceTree = "<group>"; };
		AFDAAA6A2B99F32000DD867B /* Ex+String.swift */ = {isa = PBXFileReference; lastKnownFileType = sourcecode.swift; path = "Ex+String.swift"; sourceTree = "<group>"; };
/* End PBXFileReference section */

/* Begin PBXFrameworksBuildPhase section */
		AFAFFA7F2B94A9E4006881EC /* Frameworks */ = {
			isa = PBXFrameworksBuildPhase;
			buildActionMask = 2147483647;
			files = (
			);
			runOnlyForDeploymentPostprocessing = 0;
		};
		AFAFFA952B94A9E7006881EC /* Frameworks */ = {
			isa = PBXFrameworksBuildPhase;
			buildActionMask = 2147483647;
			files = (
			);
			runOnlyForDeploymentPostprocessing = 0;
		};
		AFAFFA9F2B94A9E7006881EC /* Frameworks */ = {
			isa = PBXFrameworksBuildPhase;
			buildActionMask = 2147483647;
			files = (
			);
			runOnlyForDeploymentPostprocessing = 0;
		};
/* End PBXFrameworksBuildPhase section */

/* Begin PBXGroup section */
		AFAFFA792B94A9E4006881EC = {
			isa = PBXGroup;
			children = (
				AFAFFA842B94A9E4006881EC /* WatchBandSelection */,
				AFAFFA9B2B94A9E7006881EC /* WatchBandSelectionTests */,
				AFAFFAA52B94A9E7006881EC /* WatchBandSelectionUITests */,
				AFAFFA832B94A9E4006881EC /* Products */,
			);
			sourceTree = "<group>";
		};
		AFAFFA832B94A9E4006881EC /* Products */ = {
			isa = PBXGroup;
			children = (
				AFAFFA822B94A9E4006881EC /* WatchBandSelection.app */,
				AFAFFA982B94A9E7006881EC /* WatchBandSelectionTests.xctest */,
				AFAFFAA22B94A9E7006881EC /* WatchBandSelectionUITests.xctest */,
			);
			name = Products;
			sourceTree = "<group>";
		};
		AFAFFA842B94A9E4006881EC /* WatchBandSelection */ = {
			isa = PBXGroup;
			children = (
				AFAFFA852B94A9E4006881EC /* AppDelegate.swift */,
				AFAFFA8E2B94A9E7006881EC /* Assets.xcassets */,
				AFAFFA902B94A9E7006881EC /* LaunchScreen.storyboard */,
				AFAFFA932B94A9E7006881EC /* Info.plist */,
				AFAFFAB52B94AA0E006881EC /* WatchBandSelectionVC.swift */,
				AFAFFAB62B94AA0E006881EC /* WatchBandSelectionVC.xib */,
				AFDAAA642B99EB2D00DD867B /* WatchCVC.swift */,
				AFDAAA652B99EB2D00DD867B /* WatchCVC.xib */,
				AFDAAA682B99EBEF00DD867B /* WatchDM.swift */,
				AFDAAA6A2B99F32000DD867B /* Ex+String.swift */,
			);
			path = WatchBandSelection;
			sourceTree = "<group>";
		};
		AFAFFA9B2B94A9E7006881EC /* WatchBandSelectionTests */ = {
			isa = PBXGroup;
			children = (
				AFAFFA9C2B94A9E7006881EC /* WatchBandSelectionTests.swift */,
			);
			path = WatchBandSelectionTests;
			sourceTree = "<group>";
		};
		AFAFFAA52B94A9E7006881EC /* WatchBandSelectionUITests */ = {
			isa = PBXGroup;
			children = (
				AFAFFAA62B94A9E7006881EC /* WatchBandSelectionUITests.swift */,
				AFAFFAA82B94A9E7006881EC /* WatchBandSelectionUITestsLaunchTests.swift */,
			);
			path = WatchBandSelectionUITests;
			sourceTree = "<group>";
		};
/* End PBXGroup section */

/* Begin PBXNativeTarget section */
		AFAFFA812B94A9E4006881EC /* WatchBandSelection */ = {
			isa = PBXNativeTarget;
			buildConfigurationList = AFAFFAAC2B94A9E7006881EC /* Build configuration list for PBXNativeTarget "WatchBandSelection" */;
			buildPhases = (
				AFAFFA7E2B94A9E4006881EC /* Sources */,
				AFAFFA7F2B94A9E4006881EC /* Frameworks */,
				AFAFFA802B94A9E4006881EC /* Resources */,
			);
			buildRules = (
			);
			dependencies = (
			);
			name = WatchBandSelection;
			productName = WatchBandSelection;
			productReference = AFAFFA822B94A9E4006881EC /* WatchBandSelection.app */;
			productType = "com.apple.product-type.application";
		};
		AFAFFA972B94A9E7006881EC /* WatchBandSelectionTests */ = {
			isa = PBXNativeTarget;
			buildConfigurationList = AFAFFAAF2B94A9E7006881EC /* Build configuration list for PBXNativeTarget "WatchBandSelectionTests" */;
			buildPhases = (
				AFAFFA942B94A9E7006881EC /* Sources */,
				AFAFFA952B94A9E7006881EC /* Frameworks */,
				AFAFFA962B94A9E7006881EC /* Resources */,
			);
			buildRules = (
			);
			dependencies = (
				AFAFFA9A2B94A9E7006881EC /* PBXTargetDependency */,
			);
			name = WatchBandSelectionTests;
			productName = WatchBandSelectionTests;
			productReference = AFAFFA982B94A9E7006881EC /* WatchBandSelectionTests.xctest */;
			productType = "com.apple.product-type.bundle.unit-test";
		};
		AFAFFAA12B94A9E7006881EC /* WatchBandSelectionUITests */ = {
			isa = PBXNativeTarget;
			buildConfigurationList = AFAFFAB22B94A9E7006881EC /* Build configuration list for PBXNativeTarget "WatchBandSelectionUITests" */;
			buildPhases = (
				AFAFFA9E2B94A9E7006881EC /* Sources */,
				AFAFFA9F2B94A9E7006881EC /* Frameworks */,
				AFAFFAA02B94A9E7006881EC /* Resources */,
			);
			buildRules = (
			);
			dependencies = (
				AFAFFAA42B94A9E7006881EC /* PBXTargetDependency */,
			);
			name = WatchBandSelectionUITests;
			productName = WatchBandSelectionUITests;
			productReference = AFAFFAA22B94A9E7006881EC /* WatchBandSelectionUITests.xctest */;
			productType = "com.apple.product-type.bundle.ui-testing";
		};
/* End PBXNativeTarget section */

/* Begin PBXProject section */
		AFAFFA7A2B94A9E4006881EC /* Project object */ = {
			isa = PBXProject;
			attributes = {
				BuildIndependentTargetsInParallel = 1;
				LastSwiftUpdateCheck = 1520;
				LastUpgradeCheck = 1520;
				TargetAttributes = {
					AFAFFA812B94A9E4006881EC = {
						CreatedOnToolsVersion = 15.2;
					};
					AFAFFA972B94A9E7006881EC = {
						CreatedOnToolsVersion = 15.2;
						TestTargetID = AFAFFA812B94A9E4006881EC;
					};
					AFAFFAA12B94A9E7006881EC = {
						CreatedOnToolsVersion = 15.2;
						TestTargetID = AFAFFA812B94A9E4006881EC;
					};
				};
			};
			buildConfigurationList = AFAFFA7D2B94A9E4006881EC /* Build configuration list for PBXProject "WatchBandSelection" */;
			compatibilityVersion = "Xcode 14.0";
			developmentRegion = en;
			hasScannedForEncodings = 0;
			knownRegions = (
				en,
				Base,
			);
			mainGroup = AFAFFA792B94A9E4006881EC;
			productRefGroup = AFAFFA832B94A9E4006881EC /* Products */;
			projectDirPath = "";
			projectRoot = "";
			targets = (
				AFAFFA812B94A9E4006881EC /* WatchBandSelection */,
				AFAFFA972B94A9E7006881EC /* WatchBandSelectionTests */,
				AFAFFAA12B94A9E7006881EC /* WatchBandSelectionUITests */,
			);
		};
/* End PBXProject section */

/* Begin PBXResourcesBuildPhase section */
		AFAFFA802B94A9E4006881EC /* Resources */ = {
			isa = PBXResourcesBuildPhase;
			buildActionMask = 2147483647;
			files = (
				AFAFFA922B94A9E7006881EC /* LaunchScreen.storyboard in Resources */,
				AFDAAA672B99EB2D00DD867B /* WatchCVC.xib in Resources */,
				AFAFFAB82B94AA0E006881EC /* WatchBandSelectionVC.xib in Resources */,
				AFAFFA8F2B94A9E7006881EC /* Assets.xcassets in Resources */,
			);
			runOnlyForDeploymentPostprocessing = 0;
		};
		AFAFFA962B94A9E7006881EC /* Resources */ = {
			isa = PBXResourcesBuildPhase;
			buildActionMask = 2147483647;
			files = (
			);
			runOnlyForDeploymentPostprocessing = 0;
		};
		AFAFFAA02B94A9E7006881EC /* Resources */ = {
			isa = PBXResourcesBuildPhase;
			buildActionMask = 2147483647;
			files = (
			);
			runOnlyForDeploymentPostprocessing = 0;
		};
/* End PBXResourcesBuildPhase section */

/* Begin PBXSourcesBuildPhase section */
		AFAFFA7E2B94A9E4006881EC /* Sources */ = {
			isa = PBXSourcesBuildPhase;
			buildActionMask = 2147483647;
			files = (
				AFDAAA692B99EBEF00DD867B /* WatchDM.swift in Sources */,
				AFDAAA662B99EB2D00DD867B /* WatchCVC.swift in Sources */,
				AFAFFAB72B94AA0E006881EC /* WatchBandSelectionVC.swift in Sources */,
				AFDAAA6B2B99F32000DD867B /* Ex+String.swift in Sources */,
				AFAFFA862B94A9E4006881EC /* AppDelegate.swift in Sources */,
			);
			runOnlyForDeploymentPostprocessing = 0;
		};
		AFAFFA942B94A9E7006881EC /* Sources */ = {
			isa = PBXSourcesBuildPhase;
			buildActionMask = 2147483647;
			files = (
				AFAFFA9D2B94A9E7006881EC /* WatchBandSelectionTests.swift in Sources */,
			);
			runOnlyForDeploymentPostprocessing = 0;
		};
		AFAFFA9E2B94A9E7006881EC /* Sources */ = {
			isa = PBXSourcesBuildPhase;
			buildActionMask = 2147483647;
			files = (
				AFAFFAA92B94A9E7006881EC /* WatchBandSelectionUITestsLaunchTests.swift in Sources */,
				AFAFFAA72B94A9E7006881EC /* WatchBandSelectionUITests.swift in Sources */,
			);
			runOnlyForDeploymentPostprocessing = 0;
		};
/* End PBXSourcesBuildPhase section */

/* Begin PBXTargetDependency section */
		AFAFFA9A2B94A9E7006881EC /* PBXTargetDependency */ = {
			isa = PBXTargetDependency;
			target = AFAFFA812B94A9E4006881EC /* WatchBandSelection */;
			targetProxy = AFAFFA992B94A9E7006881EC /* PBXContainerItemProxy */;
		};
		AFAFFAA42B94A9E7006881EC /* PBXTargetDependency */ = {
			isa = PBXTargetDependency;
			target = AFAFFA812B94A9E4006881EC /* WatchBandSelection */;
			targetProxy = AFAFFAA32B94A9E7006881EC /* PBXContainerItemProxy */;
		};
/* End PBXTargetDependency section */

/* Begin PBXVariantGroup section */
		AFAFFA902B94A9E7006881EC /* LaunchScreen.storyboard */ = {
			isa = PBXVariantGroup;
			children = (
				AFAFFA912B94A9E7006881EC /* Base */,
			);
			name = LaunchScreen.storyboard;
			sourceTree = "<group>";
		};
/* End PBXVariantGroup section */

/* Begin XCBuildConfiguration section */
		AFAFFAAA2B94A9E7006881EC /* Debug */ = {
			isa = XCBuildConfiguration;
			buildSettings = {
				ALWAYS_SEARCH_USER_PATHS = NO;
				ASSETCATALOG_COMPILER_GENERATE_SWIFT_ASSET_SYMBOL_EXTENSIONS = YES;
				CLANG_ANALYZER_NONNULL = YES;
				CLANG_ANALYZER_NUMBER_OBJECT_CONVERSION = YES_AGGRESSIVE;
				CLANG_CXX_LANGUAGE_STANDARD = "gnu++20";
				CLANG_ENABLE_MODULES = YES;
				CLANG_ENABLE_OBJC_ARC = YES;
				CLANG_ENABLE_OBJC_WEAK = YES;
				CLANG_WARN_BLOCK_CAPTURE_AUTORELEASING = YES;
				CLANG_WARN_BOOL_CONVERSION = YES;
				CLANG_WARN_COMMA = YES;
				CLANG_WARN_CONSTANT_CONVERSION = YES;
				CLANG_WARN_DEPRECATED_OBJC_IMPLEMENTATIONS = YES;
				CLANG_WARN_DIRECT_OBJC_ISA_USAGE = YES_ERROR;
				CLANG_WARN_DOCUMENTATION_COMMENTS = YES;
				CLANG_WARN_EMPTY_BODY = YES;
				CLANG_WARN_ENUM_CONVERSION = YES;
				CLANG_WARN_INFINITE_RECURSION = YES;
				CLANG_WARN_INT_CONVERSION = YES;
				CLANG_WARN_NON_LITERAL_NULL_CONVERSION = YES;
				CLANG_WARN_OBJC_IMPLICIT_RETAIN_SELF = YES;
				CLANG_WARN_OBJC_LITERAL_CONVERSION = YES;
				CLANG_WARN_OBJC_ROOT_CLASS = YES_ERROR;
				CLANG_WARN_QUOTED_INCLUDE_IN_FRAMEWORK_HEADER = YES;
				CLANG_WARN_RANGE_LOOP_ANALYSIS = YES;
				CLANG_WARN_STRICT_PROTOTYPES = YES;
				CLANG_WARN_SUSPICIOUS_MOVE = YES;
				CLANG_WARN_UNGUARDED_AVAILABILITY = YES_AGGRESSIVE;
				CLANG_WARN_UNREACHABLE_CODE = YES;
				CLANG_WARN__DUPLICATE_METHOD_MATCH = YES;
				COPY_PHASE_STRIP = NO;
				DEBUG_INFORMATION_FORMAT = dwarf;
				ENABLE_STRICT_OBJC_MSGSEND = YES;
				ENABLE_TESTABILITY = YES;
				ENABLE_USER_SCRIPT_SANDBOXING = YES;
				GCC_C_LANGUAGE_STANDARD = gnu17;
				GCC_DYNAMIC_NO_PIC = NO;
				GCC_NO_COMMON_BLOCKS = YES;
				GCC_OPTIMIZATION_LEVEL = 0;
				GCC_PREPROCESSOR_DEFINITIONS = (
					"DEBUG=1",
					"$(inherited)",
				);
				GCC_WARN_64_TO_32_BIT_CONVERSION = YES;
				GCC_WARN_ABOUT_RETURN_TYPE = YES_ERROR;
				GCC_WARN_UNDECLARED_SELECTOR = YES;
				GCC_WARN_UNINITIALIZED_AUTOS = YES_AGGRESSIVE;
				GCC_WARN_UNUSED_FUNCTION = YES;
				GCC_WARN_UNUSED_VARIABLE = YES;
				IPHONEOS_DEPLOYMENT_TARGET = 17.2;
				LOCALIZATION_PREFERS_STRING_CATALOGS = YES;
				MTL_ENABLE_DEBUG_INFO = INCLUDE_SOURCE;
				MTL_FAST_MATH = YES;
				ONLY_ACTIVE_ARCH = YES;
				SDKROOT = iphoneos;
				SWIFT_ACTIVE_COMPILATION_CONDITIONS = "DEBUG $(inherited)";
				SWIFT_OPTIMIZATION_LEVEL = "-Onone";
			};
			name = Debug;
		};
		AFAFFAAB2B94A9E7006881EC /* Release */ = {
			isa = XCBuildConfiguration;
			buildSettings = {
				ALWAYS_SEARCH_USER_PATHS = NO;
				ASSETCATALOG_COMPILER_GENERATE_SWIFT_ASSET_SYMBOL_EXTENSIONS = YES;
				CLANG_ANALYZER_NONNULL = YES;
				CLANG_ANALYZER_NUMBER_OBJECT_CONVERSION = YES_AGGRESSIVE;
				CLANG_CXX_LANGUAGE_STANDARD = "gnu++20";
				CLANG_ENABLE_MODULES = YES;
				CLANG_ENABLE_OBJC_ARC = YES;
				CLANG_ENABLE_OBJC_WEAK = YES;
				CLANG_WARN_BLOCK_CAPTURE_AUTORELEASING = YES;
				CLANG_WARN_BOOL_CONVERSION = YES;
				CLANG_WARN_COMMA = YES;
				CLANG_WARN_CONSTANT_CONVERSION = YES;
				CLANG_WARN_DEPRECATED_OBJC_IMPLEMENTATIONS = YES;
				CLANG_WARN_DIRECT_OBJC_ISA_USAGE = YES_ERROR;
				CLANG_WARN_DOCUMENTATION_COMMENTS = YES;
				CLANG_WARN_EMPTY_BODY = YES;
				CLANG_WARN_ENUM_CONVERSION = YES;
				CLANG_WARN_INFINITE_RECURSION = YES;
				CLANG_WARN_INT_CONVERSION = YES;
				CLANG_WARN_NON_LITERAL_NULL_CONVERSION = YES;
				CLANG_WARN_OBJC_IMPLICIT_RETAIN_SELF = YES;
				CLANG_WARN_OBJC_LITERAL_CONVERSION = YES;
				CLANG_WARN_OBJC_ROOT_CLASS = YES_ERROR;
				CLANG_WARN_QUOTED_INCLUDE_IN_FRAMEWORK_HEADER = YES;
				CLANG_WARN_RANGE_LOOP_ANALYSIS = YES;
				CLANG_WARN_STRICT_PROTOTYPES = YES;
				CLANG_WARN_SUSPICIOUS_MOVE = YES;
				CLANG_WARN_UNGUARDED_AVAILABILITY = YES_AGGRESSIVE;
				CLANG_WARN_UNREACHABLE_CODE = YES;
				CLANG_WARN__DUPLICATE_METHOD_MATCH = YES;
				COPY_PHASE_STRIP = NO;
				DEBUG_INFORMATION_FORMAT = "dwarf-with-dsym";
				ENABLE_NS_ASSERTIONS = NO;
				ENABLE_STRICT_OBJC_MSGSEND = YES;
				ENABLE_USER_SCRIPT_SANDBOXING = YES;
				GCC_C_LANGUAGE_STANDARD = gnu17;
				GCC_NO_COMMON_BLOCKS = YES;
				GCC_WARN_64_TO_32_BIT_CONVERSION = YES;
				GCC_WARN_ABOUT_RETURN_TYPE = YES_ERROR;
				GCC_WARN_UNDECLARED_SELECTOR = YES;
				GCC_WARN_UNINITIALIZED_AUTOS = YES_AGGRESSIVE;
				GCC_WARN_UNUSED_FUNCTION = YES;
				GCC_WARN_UNUSED_VARIABLE = YES;
				IPHONEOS_DEPLOYMENT_TARGET = 17.2;
				LOCALIZATION_PREFERS_STRING_CATALOGS = YES;
				MTL_ENABLE_DEBUG_INFO = NO;
				MTL_FAST_MATH = YES;
				SDKROOT = iphoneos;
				SWIFT_COMPILATION_MODE = wholemodule;
				VALIDATE_PRODUCT = YES;
			};
			name = Release;
		};
		AFAFFAAD2B94A9E7006881EC /* Debug */ = {
			isa = XCBuildConfiguration;
			buildSettings = {
				ASSETCATALOG_COMPILER_APPICON_NAME = AppIcon;
				ASSETCATALOG_COMPILER_GLOBAL_ACCENT_COLOR_NAME = AccentColor;
				CODE_SIGN_STYLE = Automatic;
				CURRENT_PROJECT_VERSION = 1;
				DEVELOPMENT_TEAM = 9Y77ZZBLP4;
				GENERATE_INFOPLIST_FILE = YES;
				INFOPLIST_FILE = WatchBandSelection/Info.plist;
				INFOPLIST_KEY_UIApplicationSupportsIndirectInputEvents = YES;
				INFOPLIST_KEY_UILaunchStoryboardName = LaunchScreen;
				INFOPLIST_KEY_UIMainStoryboardFile = "";
				INFOPLIST_KEY_UISupportedInterfaceOrientations_iPad = "UIInterfaceOrientationPortrait UIInterfaceOrientationPortraitUpsideDown UIInterfaceOrientationLandscapeLeft UIInterfaceOrientationLandscapeRight";
				INFOPLIST_KEY_UISupportedInterfaceOrientations_iPhone = "UIInterfaceOrientationPortrait UIInterfaceOrientationLandscapeLeft UIInterfaceOrientationLandscapeRight";
				LD_RUNPATH_SEARCH_PATHS = (
					"$(inherited)",
					"@executable_path/Frameworks",
				);
				MARKETING_VERSION = 1.0;
				PRODUCT_BUNDLE_IDENTIFIER = Ural.WatchBandSelection;
				PRODUCT_NAME = "$(TARGET_NAME)";
				SWIFT_EMIT_LOC_STRINGS = YES;
				SWIFT_VERSION = 5.0;
				TARGETED_DEVICE_FAMILY = "1,2";
			};
			name = Debug;
		};
		AFAFFAAE2B94A9E7006881EC /* Release */ = {
			isa = XCBuildConfiguration;
			buildSettings = {
				ASSETCATALOG_COMPILER_APPICON_NAME = AppIcon;
				ASSETCATALOG_COMPILER_GLOBAL_ACCENT_COLOR_NAME = AccentColor;
				CODE_SIGN_STYLE = Automatic;
				CURRENT_PROJECT_VERSION = 1;
				DEVELOPMENT_TEAM = 9Y77ZZBLP4;
				GENERATE_INFOPLIST_FILE = YES;
				INFOPLIST_FILE = WatchBandSelection/Info.plist;
				INFOPLIST_KEY_UIApplicationSupportsIndirectInputEvents = YES;
				INFOPLIST_KEY_UILaunchStoryboardName = LaunchScreen;
				INFOPLIST_KEY_UIMainStoryboardFile = "";
				INFOPLIST_KEY_UISupportedInterfaceOrientations_iPad = "UIInterfaceOrientationPortrait UIInterfaceOrientationPortraitUpsideDown UIInterfaceOrientationLandscapeLeft UIInterfaceOrientationLandscapeRight";
				INFOPLIST_KEY_UISupportedInterfaceOrientations_iPhone = "UIInterfaceOrientationPortrait UIInterfaceOrientationLandscapeLeft UIInterfaceOrientationLandscapeRight";
				LD_RUNPATH_SEARCH_PATHS = (
					"$(inherited)",
					"@executable_path/Frameworks",
				);
				MARKETING_VERSION = 1.0;
				PRODUCT_BUNDLE_IDENTIFIER = Ural.WatchBandSelection;
				PRODUCT_NAME = "$(TARGET_NAME)";
				SWIFT_EMIT_LOC_STRINGS = YES;
				SWIFT_VERSION = 5.0;
				TARGETED_DEVICE_FAMILY = "1,2";
			};
			name = Release;
		};
		AFAFFAB02B94A9E7006881EC /* Debug */ = {
			isa = XCBuildConfiguration;
			buildSettings = {
				ALWAYS_EMBED_SWIFT_STANDARD_LIBRARIES = YES;
				BUNDLE_LOADER = "$(TEST_HOST)";
				CODE_SIGN_STYLE = Automatic;
				CURRENT_PROJECT_VERSION = 1;
				DEVELOPMENT_TEAM = 9Y77ZZBLP4;
				GENERATE_INFOPLIST_FILE = YES;
				IPHONEOS_DEPLOYMENT_TARGET = 17.2;
				MARKETING_VERSION = 1.0;
				PRODUCT_BUNDLE_IDENTIFIER = Ural.WatchBandSelectionTests;
				PRODUCT_NAME = "$(TARGET_NAME)";
				SWIFT_EMIT_LOC_STRINGS = NO;
				SWIFT_VERSION = 5.0;
				TARGETED_DEVICE_FAMILY = "1,2";
				TEST_HOST = "$(BUILT_PRODUCTS_DIR)/WatchBandSelection.app/$(BUNDLE_EXECUTABLE_FOLDER_PATH)/WatchBandSelection";
			};
			name = Debug;
		};
		AFAFFAB12B94A9E7006881EC /* Release */ = {
			isa = XCBuildConfiguration;
			buildSettings = {
				ALWAYS_EMBED_SWIFT_STANDARD_LIBRARIES = YES;
				BUNDLE_LOADER = "$(TEST_HOST)";
				CODE_SIGN_STYLE = Automatic;
				CURRENT_PROJECT_VERSION = 1;
				DEVELOPMENT_TEAM = 9Y77ZZBLP4;
				GENERATE_INFOPLIST_FILE = YES;
				IPHONEOS_DEPLOYMENT_TARGET = 17.2;
				MARKETING_VERSION = 1.0;
				PRODUCT_BUNDLE_IDENTIFIER = Ural.WatchBandSelectionTests;
				PRODUCT_NAME = "$(TARGET_NAME)";
				SWIFT_EMIT_LOC_STRINGS = NO;
				SWIFT_VERSION = 5.0;
				TARGETED_DEVICE_FAMILY = "1,2";
				TEST_HOST = "$(BUILT_PRODUCTS_DIR)/WatchBandSelection.app/$(BUNDLE_EXECUTABLE_FOLDER_PATH)/WatchBandSelection";
			};
			name = Release;
		};
		AFAFFAB32B94A9E7006881EC /* Debug */ = {
			isa = XCBuildConfiguration;
			buildSettings = {
				ALWAYS_EMBED_SWIFT_STANDARD_LIBRARIES = YES;
				CODE_SIGN_STYLE = Automatic;
				CURRENT_PROJECT_VERSION = 1;
				DEVELOPMENT_TEAM = 9Y77ZZBLP4;
				GENERATE_INFOPLIST_FILE = YES;
				MARKETING_VERSION = 1.0;
				PRODUCT_BUNDLE_IDENTIFIER = Ural.WatchBandSelectionUITests;
				PRODUCT_NAME = "$(TARGET_NAME)";
				SWIFT_EMIT_LOC_STRINGS = NO;
				SWIFT_VERSION = 5.0;
				TARGETED_DEVICE_FAMILY = "1,2";
				TEST_TARGET_NAME = WatchBandSelection;
			};
			name = Debug;
		};
		AFAFFAB42B94A9E7006881EC /* Release */ = {
			isa = XCBuildConfiguration;
			buildSettings = {
				ALWAYS_EMBED_SWIFT_STANDARD_LIBRARIES = YES;
				CODE_SIGN_STYLE = Automatic;
				CURRENT_PROJECT_VERSION = 1;
				DEVELOPMENT_TEAM = 9Y77ZZBLP4;
				GENERATE_INFOPLIST_FILE = YES;
				MARKETING_VERSION = 1.0;
				PRODUCT_BUNDLE_IDENTIFIER = Ural.WatchBandSelectionUITests;
				PRODUCT_NAME = "$(TARGET_NAME)";
				SWIFT_EMIT_LOC_STRINGS = NO;
				SWIFT_VERSION = 5.0;
				TARGETED_DEVICE_FAMILY = "1,2";
				TEST_TARGET_NAME = WatchBandSelection;
			};
			name = Release;
		};
/* End XCBuildConfiguration section */

/* Begin XCConfigurationList section */
		AFAFFA7D2B94A9E4006881EC /* Build configuration list for PBXProject "WatchBandSelection" */ = {
			isa = XCConfigurationList;
			buildConfigurations = (
				AFAFFAAA2B94A9E7006881EC /* Debug */,
				AFAFFAAB2B94A9E7006881EC /* Release */,
			);
			defaultConfigurationIsVisible = 0;
			defaultConfigurationName = Release;
		};
		AFAFFAAC2B94A9E7006881EC /* Build configuration list for PBXNativeTarget "WatchBandSelection" */ = {
			isa = XCConfigurationList;
			buildConfigurations = (
				AFAFFAAD2B94A9E7006881EC /* Debug */,
				AFAFFAAE2B94A9E7006881EC /* Release */,
			);
			defaultConfigurationIsVisible = 0;
			defaultConfigurationName = Release;
		};
		AFAFFAAF2B94A9E7006881EC /* Build configuration list for PBXNativeTarget "WatchBandSelectionTests" */ = {
			isa = XCConfigurationList;
			buildConfigurations = (
				AFAFFAB02B94A9E7006881EC /* Debug */,
				AFAFFAB12B94A9E7006881EC /* Release */,
			);
			defaultConfigurationIsVisible = 0;
			defaultConfigurationName = Release;
		};
		AFAFFAB22B94A9E7006881EC /* Build configuration list for PBXNativeTarget "WatchBandSelectionUITests" */ = {
			isa = XCConfigurationList;
			buildConfigurations = (
				AFAFFAB32B94A9E7006881EC /* Debug */,
				AFAFFAB42B94A9E7006881EC /* Release */,
			);
			defaultConfigurationIsVisible = 0;
			defaultConfigurationName = Release;
		};
/* End XCConfigurationList section */
	};
	rootObject = AFAFFA7A2B94A9E4006881EC /* Project object */;
}
